
Microsoft Visual Studio Solution File, Format Version 12.00
# Visual Studio Version 17
VisualStudioVersion = 17.11.35327.3
MinimumVisualStudioVersion = 10.0.40219.1
Project("{FAE04EC0-301F-11D3-BF4B-00C04F79EFBC}") = "Options_Dasboard", "Options_Dasboard\Options_Dasboard.csproj", "{2DAF6E19-B208-4019-BA44-E45601C49F22}"
EndProject
Global
	GlobalSection(SolutionConfigurationPlatforms) = preSolution
		Debug|Any CPU = Debug|Any CPU
		Release|Any CPU = Release|Any CPU
	EndGlobalSection
	GlobalSection(ProjectConfigurationPlatforms) = postSolution
		{2DAF6E19-B208-4019-BA44-E45601C49F22}.Debug|Any CPU.ActiveCfg = Debug|Any CPU
		{2DAF6E19-B208-4019-BA44-E45601C49F22}.Debug|Any CPU.Build.0 = Debug|Any CPU
		{2DAF6E19-B208-4019-BA44-E45601C49F22}.Release|Any CPU.ActiveCfg = Release|Any CPU
		{2DAF6E19-B208-4019-BA44-E45601C49F22}.Release|Any CPU.Build.0 = Release|Any CPU
	EndGlobalSection
	GlobalSection(SolutionProperties) = preSolution
		HideSolutionNode = FALSE
	EndGlobalSection
	GlobalSection(ExtensibilityGlobals) = postSolution
		SolutionGuid = {96D63EF0-269C-47BA-B160-53C37B6094FC}
	EndGlobalSection
EndGlobal
